<?xml version="1.0" encoding="utf-8"?>
<Project ToolsVersion="4.0" xmlns="http://schemas.microsoft.com/developer/msbuild/2003">
  <ItemGroup>
    <Filter Include="Source Files">
      <UniqueIdentifier>{4FC737F1-C7A5-4376-A066-2A32D752A2FF}</UniqueIdentifier>
      <Extensions>cpp;c;cc;cxx;c++;cppm;ixx;def;odl;idl;hpj;bat;asm;asmx</Extensions>
    </Filter>
    <Filter Include="Header Files">
      <UniqueIdentifier>{93995380-89BD-4b04-88EB-625FBE52EBFB}</UniqueIdentifier>
      <Extensions>h;hh;hpp;hxx;h++;hm;inl;inc;ipp;xsd</Extensions>
    </Filter>
    <Filter Include="Resource Files">
      <UniqueIdentifier>{67DA6AB6-F800-4c08-8B7A-83BB121AAD01}</UniqueIdentifier>
      <Extensions>rc;ico;cur;bmp;dlg;rc2;rct;bin;rgs;gif;jpg;jpeg;jpe;resx;tiff;tif;png;wav;mfcribbon-ms</Extensions>
    </Filter>
    <Filter Include="Source Files\imgui">
      <UniqueIdentifier>{5336b145-c2f6-42a0-96f6-01c3ba78cb53}</UniqueIdentifier>
    </Filter>
    <Filter Include="Header Files\imgui">
      <UniqueIdentifier>{545b146e-8509-4d8e-be8a-8fd1482d3465}</UniqueIdentifier>
    </Filter>
    <Filter Include="Resource Files\sounds">
      <UniqueIdentifier>{e37ae009-8638-443a-9615-f480c2a889d3}</UniqueIdentifier>
    </Filter>
    <Filter Include="Resource Files\sounds\music">
      <UniqueIdentifier>{bc7563e1-5ec8-4111-97a4-9b8cb4392078}</UniqueIdentifier>
    </Filter>
    <Filter Include="Resource Files\sounds\fx">
      <UniqueIdentifier>{f28cdd33-ddca-41d5-9057-8007f6ba4947}</UniqueIdentifier>
    </Filter>
    <Filter Include="Resource Files\fonts">
      <UniqueIdentifier>{fe2a2cb3-72ae-4b25-90bc-2d6f678a9d5b}</UniqueIdentifier>
    </Filter>
  </ItemGroup>
  <ItemGroup>
    <ClCompile Include="main.cpp">
      <Filter>Source Files</Filter>
    </ClCompile>
    <ClCompile Include="imgui\imgui.cpp">
      <Filter>Source Files\imgui</Filter>
    </ClCompile>
    <ClCompile Include="imgui\imgui_demo.cpp">
      <Filter>Source Files\imgui</Filter>
    </ClCompile>
    <ClCompile Include="imgui\imgui_draw.cpp">
      <Filter>Source Files\imgui</Filter>
    </ClCompile>
    <ClCompile Include="imgui\imgui_impl_glfw.cpp">
      <Filter>Source Files\imgui</Filter>
    </ClCompile>
    <ClCompile Include="imgui\imgui_impl_opengl3.cpp">
      <Filter>Source Files\imgui</Filter>
    </ClCompile>
    <ClCompile Include="imgui\imgui_tables.cpp">
      <Filter>Source Files\imgui</Filter>
    </ClCompile>
    <ClCompile Include="imgui\imgui_widgets.cpp">
      <Filter>Source Files\imgui</Filter>
    </ClCompile>
    <ClCompile Include="glad.c">
      <Filter>Source Files</Filter>
    </ClCompile>
    <ClCompile Include="FModManager.cpp">
      <Filter>Source Files</Filter>
    </ClCompile>
    <ClCompile Include="ChannelGroup.cpp">
      <Filter>Source Files</Filter>
    </ClCompile>
    <ClCompile Include="Sound.cpp">
      <Filter>Source Files</Filter>
    </ClCompile>
    <ClCompile Include="SoundUI.cpp">
      <Filter>Source Files</Filter>
    </ClCompile>
  </ItemGroup>
  <ItemGroup>
    <ClInclude Include="imgui\imconfig.h">
      <Filter>Header Files\imgui</Filter>
    </ClInclude>
    <ClInclude Include="imgui\imgui.h">
      <Filter>Header Files\imgui</Filter>
    </ClInclude>
    <ClInclude Include="imgui\imgui_impl_glfw.h">
      <Filter>Header Files\imgui</Filter>
    </ClInclude>
    <ClInclude Include="imgui\imgui_impl_opengl3.h">
      <Filter>Header Files\imgui</Filter>
    </ClInclude>
    <ClInclude Include="imgui\imgui_internal.h">
      <Filter>Header Files\imgui</Filter>
    </ClInclude>
    <ClInclude Include="imgui\imstb_rectpack.h">
      <Filter>Header Files\imgui</Filter>
    </ClInclude>
    <ClInclude Include="imgui\imstb_textedit.h">
      <Filter>Header Files\imgui</Filter>
    </ClInclude>
    <ClInclude Include="imgui\imstb_truetype.h">
      <Filter>Header Files\imgui</Filter>
    </ClInclude>
    <ClInclude Include="imgui\imgui_impl_opengl3_loader.h">
      <Filter>Header Files\imgui</Filter>
    </ClInclude>
    <ClInclude Include="FModManager.h">
      <Filter>Header Files</Filter>
    </ClInclude>
    <ClInclude Include="ChannelGroup.h">
      <Filter>Header Files</Filter>
    </ClInclude>
    <ClInclude Include="Sound.h">
      <Filter>Header Files</Filter>
    </ClInclude>
    <ClInclude Include="SoundUI.h">
      <Filter>Header Files</Filter>
    </ClInclude>
    <ClInclude Include="imgui\IconsFontaudio.h">
      <Filter>Header Files\imgui</Filter>
    </ClInclude>
  </ItemGroup>
  <ItemGroup>
    <Media Include="sounds\music\beethoven_moonlight_sonata.mp3">
      <Filter>Resource Files\sounds\music</Filter>
    </Media>
    <Media Include="sounds\music\tchaikovsky_dance_of_the_sugar_plum_fairy.mp3">
      <Filter>Resource Files\sounds\music</Filter>
    </Media>
    <Media Include="sounds\music\vivaldi_winter_mvt1.mp3">
      <Filter>Resource Files\sounds\music</Filter>
    </Media>
    <Media Include="sounds\fx\Breath.wav">
      <Filter>Resource Files\sounds\fx</Filter>
    </Media>
    <Media Include="sounds\fx\Fire01.wav">
      <Filter>Resource Files\sounds\fx</Filter>
    </Media>
    <Media Include="sounds\fx\Fire16.wav">
      <Filter>Resource Files\sounds\fx</Filter>
    </Media>
    <Media Include="sounds\fx\Hit.wav">
      <Filter>Resource Files\sounds\fx</Filter>
    </Media>
    <Media Include="sounds\fx\Rock02.wav">
      <Filter>Resource Files\sounds\fx</Filter>
    </Media>
    <Media Include="sounds\fx\Rock10.wav">
      <Filter>Resource Files\sounds\fx</Filter>
    </Media>
    <Media Include="sounds\fx\Water03.wav">
      <Filter>Resource Files\sounds\fx</Filter>
    </Media>
    <Media Include="sounds\fx\Water04.wav">
      <Filter>Resource Files\sounds\fx</Filter>
    </Media>
    <Media Include="sounds\fx\Water10.wav">
      <Filter>Resource Files\sounds\fx</Filter>
    </Media>
    <Media Include="sounds\fx\WingFlap.wav">
      <Filter>Resource Files\sounds\fx</Filter>
    </Media>
  </ItemGroup>
  <ItemGroup>
    <Font Include="fonts\fontaudio.ttf">
      <Filter>Resource Files\fonts</Filter>
    </Font>
  </ItemGroup>
</Project>